// !$*UTF8*$!
{
	archiveVersion = 1;
	classes = {
	};
	objectVersion = 50;
	objects = {

/* Begin PBXBuildFile section */
		486F0B4224E1838000CD118C /* MathLibrary.swift in Sources */ = {isa = PBXBuildFile; fileRef = 486F0B4124E1838000CD118C /* MathLibrary.swift */; };
		486F0B4424E183F000CD118C /* Transform.swift in Sources */ = {isa = PBXBuildFile; fileRef = 486F0B4324E183F000CD118C /* Transform.swift */; };
		48C312A524E8DBB9001983CD /* Extensions.swift in Sources */ = {isa = PBXBuildFile; fileRef = 48C312A424E8DBB9001983CD /* Extensions.swift */; };
		48C312A724E8DFBC001983CD /* Vertex.swift in Sources */ = {isa = PBXBuildFile; fileRef = 48C312A624E8DFBC001983CD /* Vertex.swift */; };
		88FFE12124D6795B00484A45 /* AppDelegate.swift in Sources */ = {isa = PBXBuildFile; fileRef = 88FFE12024D6795B00484A45 /* AppDelegate.swift */; };
		88FFE12324D6795B00484A45 /* ViewController.swift in Sources */ = {isa = PBXBuildFile; fileRef = 88FFE12224D6795B00484A45 /* ViewController.swift */; };
		88FFE12524D6795E00484A45 /* Assets.xcassets in Resources */ = {isa = PBXBuildFile; fileRef = 88FFE12424D6795E00484A45 /* Assets.xcassets */; };
		88FFE12824D6795E00484A45 /* Main.storyboard in Resources */ = {isa = PBXBuildFile; fileRef = 88FFE12624D6795E00484A45 /* Main.storyboard */; };
		88FFE13124D67AAB00484A45 /* Renderer.swift in Sources */ = {isa = PBXBuildFile; fileRef = 88FFE13024D67AAB00484A45 /* Renderer.swift */; };
		88FFE13324D6918D00484A45 /* Shaders.metal in Sources */ = {isa = PBXBuildFile; fileRef = 88FFE13224D6918D00484A45 /* Shaders.metal */; };
/* End PBXBuildFile section */

/* Begin PBXFileReference section */
		486F0B4124E1838000CD118C /* MathLibrary.swift */ = {isa = PBXFileReference; lastKnownFileType = sourcecode.swift; path = MathLibrary.swift; sourceTree = "<group>"; };
		486F0B4324E183F000CD118C /* Transform.swift */ = {isa = PBXFileReference; lastKnownFileType = sourcecode.swift; path = Transform.swift; sourceTree = "<group>"; };
		48C312A424E8DBB9001983CD /* Extensions.swift */ = {isa = PBXFileReference; lastKnownFileType = sourcecode.swift; path = Extensions.swift; sourceTree = "<group>"; };
		48C312A624E8DFBC001983CD /* Vertex.swift */ = {isa = PBXFileReference; lastKnownFileType = sourcecode.swift; path = Vertex.swift; sourceTree = "<group>"; };
		88FFE11D24D6795B00484A45 /* MetalRenderer.app */ = {isa = PBXFileReference; explicitFileType = wrapper.application; includeInIndex = 0; path = MetalRenderer.app; sourceTree = BUILT_PRODUCTS_DIR; };
		88FFE12024D6795B00484A45 /* AppDelegate.swift */ = {isa = PBXFileReference; lastKnownFileType = sourcecode.swift; path = AppDelegate.swift; sourceTree = "<group>"; };
		88FFE12224D6795B00484A45 /* ViewController.swift */ = {isa = PBXFileReference; lastKnownFileType = sourcecode.swift; path = ViewController.swift; sourceTree = "<group>"; };
		88FFE12424D6795E00484A45 /* Assets.xcassets */ = {isa = PBXFileReference; lastKnownFileType = folder.assetcatalog; path = Assets.xcassets; sourceTree = "<group>"; };
		88FFE12724D6795E00484A45 /* Base */ = {isa = PBXFileReference; lastKnownFileType = file.storyboard; name = Base; path = Base.lproj/Main.storyboard; sourceTree = "<group>"; };
		88FFE12924D6795E00484A45 /* Info.plist */ = {isa = PBXFileReference; lastKnownFileType = text.plist.xml; path = Info.plist; sourceTree = "<group>"; };
		88FFE12A24D6795E00484A45 /* MetalRenderer.entitlements */ = {isa = PBXFileReference; lastKnownFileType = text.plist.entitlements; path = MetalRenderer.entitlements; sourceTree = "<group>"; };
		88FFE13024D67AAB00484A45 /* Renderer.swift */ = {isa = PBXFileReference; lastKnownFileType = sourcecode.swift; path = Renderer.swift; sourceTree = "<group>"; };
		88FFE13224D6918D00484A45 /* Shaders.metal */ = {isa = PBXFileReference; lastKnownFileType = sourcecode.metal; path = Shaders.metal; sourceTree = "<group>"; };
/* End PBXFileReference section */

/* Begin PBXFrameworksBuildPhase section */
		88FFE11A24D6795B00484A45 /* Frameworks */ = {
			isa = PBXFrameworksBuildPhase;
			buildActionMask = 2147483647;
			files = (
			);
			runOnlyForDeploymentPostprocessing = 0;
		};
/* End PBXFrameworksBuildPhase section */

/* Begin PBXGroup section */
		88FFE11424D6795B00484A45 = {
			isa = PBXGroup;
			children = (
				88FFE11F24D6795B00484A45 /* MetalRenderer */,
				88FFE11E24D6795B00484A45 /* Products */,
			);
			sourceTree = "<group>";
		};
		88FFE11E24D6795B00484A45 /* Products */ = {
			isa = PBXGroup;
			children = (
				88FFE11D24D6795B00484A45 /* MetalRenderer.app */,
			);
			name = Products;
			sourceTree = "<group>";
		};
		88FFE11F24D6795B00484A45 /* MetalRenderer */ = {
			isa = PBXGroup;
			children = (
				88FFE12024D6795B00484A45 /* AppDelegate.swift */,
				88FFE12224D6795B00484A45 /* ViewController.swift */,
				88FFE12424D6795E00484A45 /* Assets.xcassets */,
				88FFE12624D6795E00484A45 /* Main.storyboard */,
				88FFE12924D6795E00484A45 /* Info.plist */,
				88FFE12A24D6795E00484A45 /* MetalRenderer.entitlements */,
				88FFE13024D67AAB00484A45 /* Renderer.swift */,
				88FFE13224D6918D00484A45 /* Shaders.metal */,
				486F0B4124E1838000CD118C /* MathLibrary.swift */,
				486F0B4324E183F000CD118C /* Transform.swift */,
				48C312A424E8DBB9001983CD /* Extensions.swift */,
				48C312A624E8DFBC001983CD /* Vertex.swift */,
			);
			path = MetalRenderer;
			sourceTree = "<group>";
		};
/* End PBXGroup section */

/* Begin PBXNativeTarget section */
		88FFE11C24D6795B00484A45 /* MetalRenderer */ = {
			isa = PBXNativeTarget;
			buildConfigurationList = 88FFE12D24D6795E00484A45 /* Build configuration list for PBXNativeTarget "MetalRenderer" */;
			buildPhases = (
				88FFE11924D6795B00484A45 /* Sources */,
				88FFE11A24D6795B00484A45 /* Frameworks */,
				88FFE11B24D6795B00484A45 /* Resources */,
			);
			buildRules = (
			);
			dependencies = (
			);
			name = MetalRenderer;
			productName = MetalRenderer;
			productReference = 88FFE11D24D6795B00484A45 /* MetalRenderer.app */;
			productType = "com.apple.product-type.application";
		};
/* End PBXNativeTarget section */

/* Begin PBXProject section */
		88FFE11524D6795B00484A45 /* Project object */ = {
			isa = PBXProject;
			attributes = {
				LastSwiftUpdateCheck = 1160;
				LastUpgradeCheck = 1160;
				ORGANIZATIONNAME = "dominico park";
				TargetAttributes = {
					88FFE11C24D6795B00484A45 = {
						CreatedOnToolsVersion = 11.6;
					};
				};
			};
			buildConfigurationList = 88FFE11824D6795B00484A45 /* Build configuration list for PBXProject "MetalRenderer" */;
			compatibilityVersion = "Xcode 9.3";
			developmentRegion = en;
			hasScannedForEncodings = 0;
			knownRegions = (
				en,
				Base,
			);
			mainGroup = 88FFE11424D6795B00484A45;
			productRefGroup = 88FFE11E24D6795B00484A45 /* Products */;
			projectDirPath = "";
			projectRoot = "";
			targets = (
				88FFE11C24D6795B00484A45 /* MetalRenderer */,
			);
		};
/* End PBXProject section */

/* Begin PBXResourcesBuildPhase section */
		88FFE11B24D6795B00484A45 /* Resources */ = {
			isa = PBXResourcesBuildPhase;
			buildActionMask = 2147483647;
			files = (
				88FFE12524D6795E00484A45 /* Assets.xcassets in Resources */,
				88FFE12824D6795E00484A45 /* Main.storyboard in Resources */,
			);
			runOnlyForDeploymentPostprocessing = 0;
		};
/* End PBXResourcesBuildPhase section */

/* Begin PBXSourcesBuildPhase section */
		88FFE11924D6795B00484A45 /* Sources */ = {
			isa = PBXSourcesBuildPhase;
			buildActionMask = 2147483647;
			files = (
				88FFE13324D6918D00484A45 /* Shaders.metal in Sources */,
				88FFE12324D6795B00484A45 /* ViewController.swift in Sources */,
				88FFE13124D67AAB00484A45 /* Renderer.swift in Sources */,
				88FFE12124D6795B00484A45 /* AppDelegate.swift in Sources */,
				486F0B4424E183F000CD118C /* Transform.swift in Sources */,
				48C312A724E8DFBC001983CD /* Vertex.swift in Sources */,
				486F0B4224E1838000CD118C /* MathLibrary.swift in Sources */,
				48C312A524E8DBB9001983CD /* Extensions.swift in Sources */,
			);
			runOnlyForDeploymentPostprocessing = 0;
		};
/* End PBXSourcesBuildPhase section */

/* Begin PBXVariantGroup section */
		88FFE12624D6795E00484A45 /* Main.storyboard */ = {
			isa = PBXVariantGroup;
			children = (
				88FFE12724D6795E00484A45 /* Base */,
			);
			name = Main.storyboard;
			sourceTree = "<group>";
		};
/* End PBXVariantGroup section */

/* Begin XCBuildConfiguration section */
		88FFE12B24D6795E00484A45 /* Debug */ = {
			isa = XCBuildConfiguration;
			buildSettings = {
				ALWAYS_SEARCH_USER_PATHS = NO;
				CLANG_ANALYZER_NONNULL = YES;
				CLANG_ANALYZER_NUMBER_OBJECT_CONVERSION = YES_AGGRESSIVE;
				CLANG_CXX_LANGUAGE_STANDARD = "gnu++14";
				CLANG_CXX_LIBRARY = "libc++";
				CLANG_ENABLE_MODULES = YES;
				CLANG_ENABLE_OBJC_ARC = YES;
				CLANG_ENABLE_OBJC_WEAK = YES;
				CLANG_WARN_BLOCK_CAPTURE_AUTORELEASING = YES;
				CLANG_WARN_BOOL_CONVERSION = YES;
				CLANG_WARN_COMMA = YES;
				CLANG_WARN_CONSTANT_CONVERSION = YES;
				CLANG_WARN_DEPRECATED_OBJC_IMPLEMENTATIONS = YES;
				CLANG_WARN_DIRECT_OBJC_ISA_USAGE = YES_ERROR;
				CLANG_WARN_DOCUMENTATION_COMMENTS = YES;
				CLANG_WARN_EMPTY_BODY = YES;
				CLANG_WARN_ENUM_CONVERSION = YES;
				CLANG_WARN_INFINITE_RECURSION = YES;
				CLANG_WARN_INT_CONVERSION = YES;
				CLANG_WARN_NON_LITERAL_NULL_CONVERSION = YES;
				CLANG_WARN_OBJC_IMPLICIT_RETAIN_SELF = YES;
				CLANG_WARN_OBJC_LITERAL_CONVERSION = YES;
				CLANG_WARN_OBJC_ROOT_CLASS = YES_ERROR;
				CLANG_WARN_RANGE_LOOP_ANALYSIS = YES;
				CLANG_WARN_STRICT_PROTOTYPES = YES;
				CLANG_WARN_SUSPICIOUS_MOVE = YES;
				CLANG_WARN_UNGUARDED_AVAILABILITY = YES_AGGRESSIVE;
				CLANG_WARN_UNREACHABLE_CODE = YES;
				CLANG_WARN__DUPLICATE_METHOD_MATCH = YES;
				COPY_PHASE_STRIP = NO;
				DEBUG_INFORMATION_FORMAT = dwarf;
				ENABLE_STRICT_OBJC_MSGSEND = YES;
				ENABLE_TESTABILITY = YES;
				GCC_C_LANGUAGE_STANDARD = gnu11;
				GCC_DYNAMIC_NO_PIC = NO;
				GCC_NO_COMMON_BLOCKS = YES;
				GCC_OPTIMIZATION_LEVEL = 0;
				GCC_PREPROCESSOR_DEFINITIONS = (
					"DEBUG=1",
					"$(inherited)",
				);
				GCC_WARN_64_TO_32_BIT_CONVERSION = YES;
				GCC_WARN_ABOUT_RETURN_TYPE = YES_ERROR;
				GCC_WARN_UNDECLARED_SELECTOR = YES;
				GCC_WARN_UNINITIALIZED_AUTOS = YES_AGGRESSIVE;
				GCC_WARN_UNUSED_FUNCTION = YES;
				GCC_WARN_UNUSED_VARIABLE = YES;
				MACOSX_DEPLOYMENT_TARGET = 10.15;
				MTL_ENABLE_DEBUG_INFO = INCLUDE_SOURCE;
				MTL_FAST_MATH = YES;
				ONLY_ACTIVE_ARCH = YES;
				SDKROOT = macosx;
				SWIFT_ACTIVE_COMPILATION_CONDITIONS = DEBUG;
				SWIFT_OPTIMIZATION_LEVEL = "-Onone";
			};
			name = Debug;
		};
		88FFE12C24D6795E00484A45 /* Release */ = {
			isa = XCBuildConfiguration;
			buildSettings = {
				ALWAYS_SEARCH_USER_PATHS = NO;
				CLANG_ANALYZER_NONNULL = YES;
				CLANG_ANALYZER_NUMBER_OBJECT_CONVERSION = YES_AGGRESSIVE;
				CLANG_CXX_LANGUAGE_STANDARD = "gnu++14";
				CLANG_CXX_LIBRARY = "libc++";
				CLANG_ENABLE_MODULES = YES;
				CLANG_ENABLE_OBJC_ARC = YES;
				CLANG_ENABLE_OBJC_WEAK = YES;
				CLANG_WARN_BLOCK_CAPTURE_AUTORELEASING = YES;
				CLANG_WARN_BOOL_CONVERSION = YES;
				CLANG_WARN_COMMA = YES;
				CLANG_WARN_CONSTANT_CONVERSION = YES;
				CLANG_WARN_DEPRECATED_OBJC_IMPLEMENTATIONS = YES;
				CLANG_WARN_DIRECT_OBJC_ISA_USAGE = YES_ERROR;
				CLANG_WARN_DOCUMENTATION_COMMENTS = YES;
				CLANG_WARN_EMPTY_BODY = YES;
				CLANG_WARN_ENUM_CONVERSION = YES;
				CLANG_WARN_INFINITE_RECURSION = YES;
				CLANG_WARN_INT_CONVERSION = YES;
				CLANG_WARN_NON_LITERAL_NULL_CONVERSION = YES;
				CLANG_WARN_OBJC_IMPLICIT_RETAIN_SELF = YES;
				CLANG_WARN_OBJC_LITERAL_CONVERSION = YES;
				CLANG_WARN_OBJC_ROOT_CLASS = YES_ERROR;
				CLANG_WARN_RANGE_LOOP_ANALYSIS = YES;
				CLANG_WARN_STRICT_PROTOTYPES = YES;
				CLANG_WARN_SUSPICIOUS_MOVE = YES;
				CLANG_WARN_UNGUARDED_AVAILABILITY = YES_AGGRESSIVE;
				CLANG_WARN_UNREACHABLE_CODE = YES;
				CLANG_WARN__DUPLICATE_METHOD_MATCH = YES;
				COPY_PHASE_STRIP = NO;
				DEBUG_INFORMATION_FORMAT = "dwarf-with-dsym";
				ENABLE_NS_ASSERTIONS = NO;
				ENABLE_STRICT_OBJC_MSGSEND = YES;
				GCC_C_LANGUAGE_STANDARD = gnu11;
				GCC_NO_COMMON_BLOCKS = YES;
				GCC_WARN_64_TO_32_BIT_CONVERSION = YES;
				GCC_WARN_ABOUT_RETURN_TYPE = YES_ERROR;
				GCC_WARN_UNDECLARED_SELECTOR = YES;
				GCC_WARN_UNINITIALIZED_AUTOS = YES_AGGRESSIVE;
				GCC_WARN_UNUSED_FUNCTION = YES;
				GCC_WARN_UNUSED_VARIABLE = YES;
				MACOSX_DEPLOYMENT_TARGET = 10.15;
				MTL_ENABLE_DEBUG_INFO = NO;
				MTL_FAST_MATH = YES;
				SDKROOT = macosx;
				SWIFT_COMPILATION_MODE = wholemodule;
				SWIFT_OPTIMIZATION_LEVEL = "-O";
			};
			name = Release;
		};
		88FFE12E24D6795E00484A45 /* Debug */ = {
			isa = XCBuildConfiguration;
			buildSettings = {
				ASSETCATALOG_COMPILER_APPICON_NAME = AppIcon;
				CODE_SIGN_ENTITLEMENTS = MetalRenderer/MetalRenderer.entitlements;
				CODE_SIGN_STYLE = Automatic;
				COMBINE_HIDPI_IMAGES = YES;
				DEVELOPMENT_TEAM = Y59HNQR68T;
				ENABLE_HARDENED_RUNTIME = YES;
				INFOPLIST_FILE = MetalRenderer/Info.plist;
				LD_RUNPATH_SEARCH_PATHS = (
					"$(inherited)",
					"@executable_path/../Frameworks",
				);
				PRODUCT_BUNDLE_IDENTIFIER = kinemaster.com.MetalRenderer;
				PRODUCT_NAME = "$(TARGET_NAME)";
				SWIFT_VERSION = 5.0;
			};
			name = Debug;
		};
		88FFE12F24D6795E00484A45 /* Release */ = {
			isa = XCBuildConfiguration;
			buildSettings = {
				ASSETCATALOG_COMPILER_APPICON_NAME = AppIcon;
				CODE_SIGN_ENTITLEMENTS = MetalRenderer/MetalRenderer.entitlements;
				CODE_SIGN_STYLE = Automatic;
				COMBINE_HIDPI_IMAGES = YES;
				DEVELOPMENT_TEAM = Y59HNQR68T;
				ENABLE_HARDENED_RUNTIME = YES;
				INFOPLIST_FILE = MetalRenderer/Info.plist;
				LD_RUNPATH_SEARCH_PATHS = (
					"$(inherited)",
					"@executable_path/../Frameworks",
				);
				PRODUCT_BUNDLE_IDENTIFIER = kinemaster.com.MetalRenderer;
				PRODUCT_NAME = "$(TARGET_NAME)";
				SWIFT_VERSION = 5.0;
			};
			name = Release;
		};
/* End XCBuildConfiguration section */

/* Begin XCConfigurationList section */
		88FFE11824D6795B00484A45 /* Build configuration list for PBXProject "MetalRenderer" */ = {
			isa = XCConfigurationList;
			buildConfigurations = (
				88FFE12B24D6795E00484A45 /* Debug */,
				88FFE12C24D6795E00484A45 /* Release */,
			);
			defaultConfigurationIsVisible = 0;
			defaultConfigurationName = Release;
		};
		88FFE12D24D6795E00484A45 /* Build configuration list for PBXNativeTarget "MetalRenderer" */ = {
			isa = XCConfigurationList;
			buildConfigurations = (
				88FFE12E24D6795E00484A45 /* Debug */,
				88FFE12F24D6795E00484A45 /* Release */,
			);
			defaultConfigurationIsVisible = 0;
			defaultConfigurationName = Release;
		};
/* End XCConfigurationList section */
	};
	rootObject = 88FFE11524D6795B00484A45 /* Project object */;
}
